
Microsoft Visual Studio Solution File, Format Version 12.00
# Visual Studio Version 17
VisualStudioVersion = 17.1.32319.34
MinimumVisualStudioVersion = 10.0.40219.1
Project("{2150E333-8FDC-42A3-9474-1A3956D46DE8}") = "Solution Items", "Solution Items", "{CA58B2AD-0655-416F-818E-CA7D2278BA8F}"
	ProjectSection(SolutionItems) = preProject
		TestTextFile.txt = TestTextFile.txt
	EndProjectSection
EndProject
Project("{9A19103F-16F7-4668-BE54-9A1E7A4F7556}") = "DataLayer", "DataLayer\DataLayer.csproj", "{FC6B9450-7964-48AD-9C0F-560332E702FE}"
EndProject
Project("{9A19103F-16F7-4668-BE54-9A1E7A4F7556}") = "WebApi", "WebApi\WebApi.csproj", "{0FDCBE4A-F5B4-451D-BA41-E24457A5506A}"
EndProject
Project("{9A19103F-16F7-4668-BE54-9A1E7A4F7556}") = "WebApi.Tests.UnitTests", "WebApi.Tests.UnitTests\WebApi.Tests.UnitTests.csproj", "{F1085242-DCFA-4261-8FF8-188356437A8B}"
EndProject
Project("{9A19103F-16F7-4668-BE54-9A1E7A4F7556}") = "Services", "Services\Services.csproj", "{4A7E931F-3CF3-4470-BD02-852CB898E912}"
EndProject
Project("{9A19103F-16F7-4668-BE54-9A1E7A4F7556}") = "Services.EfCore", "Services.EfCore\Services.EfCore.csproj", "{77569E45-44FF-4673-8427-82BE81F14C6A}"
EndProject
Project("{9A19103F-16F7-4668-BE54-9A1E7A4F7556}") = "Services.EfCore.Tests.UnitTests", "Services.EfCore.Tests.UnitTests\Services.EfCore.Tests.UnitTests.csproj", "{08FA3248-B431-43AA-A3C0-32B0F0A1D6C6}"
EndProject
Project("{9A19103F-16F7-4668-BE54-9A1E7A4F7556}") = "FoodJournal.UI", "FoodJournal.UI\FoodJournal.UI.csproj", "{0B758A94-318A-4212-9F1D-FE2F554EEF7B}"
EndProject
Project("{FAE04EC0-301F-11D3-BF4B-00C04F79EFBC}") = "Services.External", "Services.External\Services.External.csproj", "{C8995932-0EEC-4C94-AF77-E9109B9AC220}"
EndProject
Project("{FAE04EC0-301F-11D3-BF4B-00C04F79EFBC}") = "Extensions", "Extensions\Extensions.csproj", "{53056194-C926-4B65-B961-5A10FA17D49E}"
EndProject
Project("{FAE04EC0-301F-11D3-BF4B-00C04F79EFBC}") = "ExtensionsTests", "ExtensionsTests\ExtensionsTests.csproj", "{12332AB7-0893-4F3F-9D1E-AA197191ACBB}"
EndProject
Project("{FAE04EC0-301F-11D3-BF4B-00C04F79EFBC}") = "Services.ExternalTests", "Services.ExternalTests\Services.ExternalTests.csproj", "{0A4EA2D0-438F-49BC-964F-5C0F789EBFAD}"
EndProject
Global
	GlobalSection(SolutionConfigurationPlatforms) = preSolution
		Debug|Any CPU = Debug|Any CPU
		Release|Any CPU = Release|Any CPU
	EndGlobalSection
	GlobalSection(ProjectConfigurationPlatforms) = postSolution
		{FC6B9450-7964-48AD-9C0F-560332E702FE}.Debug|Any CPU.ActiveCfg = Debug|Any CPU
		{FC6B9450-7964-48AD-9C0F-560332E702FE}.Debug|Any CPU.Build.0 = Debug|Any CPU
		{FC6B9450-7964-48AD-9C0F-560332E702FE}.Release|Any CPU.ActiveCfg = Release|Any CPU
		{FC6B9450-7964-48AD-9C0F-560332E702FE}.Release|Any CPU.Build.0 = Release|Any CPU
		{0FDCBE4A-F5B4-451D-BA41-E24457A5506A}.Debug|Any CPU.ActiveCfg = Debug|Any CPU
		{0FDCBE4A-F5B4-451D-BA41-E24457A5506A}.Debug|Any CPU.Build.0 = Debug|Any CPU
		{0FDCBE4A-F5B4-451D-BA41-E24457A5506A}.Release|Any CPU.ActiveCfg = Release|Any CPU
		{0FDCBE4A-F5B4-451D-BA41-E24457A5506A}.Release|Any CPU.Build.0 = Release|Any CPU
		{F1085242-DCFA-4261-8FF8-188356437A8B}.Debug|Any CPU.ActiveCfg = Debug|Any CPU
		{F1085242-DCFA-4261-8FF8-188356437A8B}.Debug|Any CPU.Build.0 = Debug|Any CPU
		{F1085242-DCFA-4261-8FF8-188356437A8B}.Release|Any CPU.ActiveCfg = Release|Any CPU
		{F1085242-DCFA-4261-8FF8-188356437A8B}.Release|Any CPU.Build.0 = Release|Any CPU
		{4A7E931F-3CF3-4470-BD02-852CB898E912}.Debug|Any CPU.ActiveCfg = Debug|Any CPU
		{4A7E931F-3CF3-4470-BD02-852CB898E912}.Debug|Any CPU.Build.0 = Debug|Any CPU
		{4A7E931F-3CF3-4470-BD02-852CB898E912}.Release|Any CPU.ActiveCfg = Release|Any CPU
		{4A7E931F-3CF3-4470-BD02-852CB898E912}.Release|Any CPU.Build.0 = Release|Any CPU
		{77569E45-44FF-4673-8427-82BE81F14C6A}.Debug|Any CPU.ActiveCfg = Debug|Any CPU
		{77569E45-44FF-4673-8427-82BE81F14C6A}.Debug|Any CPU.Build.0 = Debug|Any CPU
		{77569E45-44FF-4673-8427-82BE81F14C6A}.Release|Any CPU.ActiveCfg = Release|Any CPU
		{77569E45-44FF-4673-8427-82BE81F14C6A}.Release|Any CPU.Build.0 = Release|Any CPU
		{08FA3248-B431-43AA-A3C0-32B0F0A1D6C6}.Debug|Any CPU.ActiveCfg = Debug|Any CPU
		{08FA3248-B431-43AA-A3C0-32B0F0A1D6C6}.Debug|Any CPU.Build.0 = Debug|Any CPU
		{08FA3248-B431-43AA-A3C0-32B0F0A1D6C6}.Release|Any CPU.ActiveCfg = Release|Any CPU
		{08FA3248-B431-43AA-A3C0-32B0F0A1D6C6}.Release|Any CPU.Build.0 = Release|Any CPU
		{0B758A94-318A-4212-9F1D-FE2F554EEF7B}.Debug|Any CPU.ActiveCfg = Debug|Any CPU
		{0B758A94-318A-4212-9F1D-FE2F554EEF7B}.Debug|Any CPU.Build.0 = Debug|Any CPU
		{0B758A94-318A-4212-9F1D-FE2F554EEF7B}.Debug|Any CPU.Deploy.0 = Debug|Any CPU
		{0B758A94-318A-4212-9F1D-FE2F554EEF7B}.Release|Any CPU.ActiveCfg = Release|Any CPU
		{0B758A94-318A-4212-9F1D-FE2F554EEF7B}.Release|Any CPU.Build.0 = Release|Any CPU
		{0B758A94-318A-4212-9F1D-FE2F554EEF7B}.Release|Any CPU.Deploy.0 = Release|Any CPU
		{C8995932-0EEC-4C94-AF77-E9109B9AC220}.Debug|Any CPU.ActiveCfg = Debug|Any CPU
		{C8995932-0EEC-4C94-AF77-E9109B9AC220}.Debug|Any CPU.Build.0 = Debug|Any CPU
		{C8995932-0EEC-4C94-AF77-E9109B9AC220}.Release|Any CPU.ActiveCfg = Release|Any CPU
		{C8995932-0EEC-4C94-AF77-E9109B9AC220}.Release|Any CPU.Build.0 = Release|Any CPU
		{53056194-C926-4B65-B961-5A10FA17D49E}.Debug|Any CPU.ActiveCfg = Debug|Any CPU
		{53056194-C926-4B65-B961-5A10FA17D49E}.Debug|Any CPU.Build.0 = Debug|Any CPU
		{53056194-C926-4B65-B961-5A10FA17D49E}.Release|Any CPU.ActiveCfg = Release|Any CPU
		{53056194-C926-4B65-B961-5A10FA17D49E}.Release|Any CPU.Build.0 = Release|Any CPU
		{12332AB7-0893-4F3F-9D1E-AA197191ACBB}.Debug|Any CPU.ActiveCfg = Debug|Any CPU
		{12332AB7-0893-4F3F-9D1E-AA197191ACBB}.Debug|Any CPU.Build.0 = Debug|Any CPU
		{12332AB7-0893-4F3F-9D1E-AA197191ACBB}.Release|Any CPU.ActiveCfg = Release|Any CPU
		{12332AB7-0893-4F3F-9D1E-AA197191ACBB}.Release|Any CPU.Build.0 = Release|Any CPU
		{0A4EA2D0-438F-49BC-964F-5C0F789EBFAD}.Debug|Any CPU.ActiveCfg = Debug|Any CPU
		{0A4EA2D0-438F-49BC-964F-5C0F789EBFAD}.Debug|Any CPU.Build.0 = Debug|Any CPU
		{0A4EA2D0-438F-49BC-964F-5C0F789EBFAD}.Release|Any CPU.ActiveCfg = Release|Any CPU
		{0A4EA2D0-438F-49BC-964F-5C0F789EBFAD}.Release|Any CPU.Build.0 = Release|Any CPU
	EndGlobalSection
	GlobalSection(SolutionProperties) = preSolution
		HideSolutionNode = FALSE
	EndGlobalSection
	GlobalSection(ExtensibilityGlobals) = postSolution
		SolutionGuid = {2851BA4E-8566-4064-8DD3-CA2AAF67B58E}
	EndGlobalSection
EndGlobal
